
Microsoft Visual Studio Solution File, Format Version 12.00
Project("{FAE04EC0-301F-11D3-BF4B-00C04F79EFBC}") = "legtolive", "legtolive\legtolive.csproj", "{DD934BB6-3ABE-4EB7-B329-51C6E4B4C6E5}"
EndProject
Global
	GlobalSection(SolutionConfigurationPlatforms) = preSolution
		Debug|Any CPU = Debug|Any CPU
		Release|Any CPU = Release|Any CPU
	EndGlobalSection
	GlobalSection(ProjectConfigurationPlatforms) = postSolution
		{DD934BB6-3ABE-4EB7-B329-51C6E4B4C6E5}.Debug|Any CPU.ActiveCfg = Debug|Any CPU
		{DD934BB6-3ABE-4EB7-B329-51C6E4B4C6E5}.Debug|Any CPU.Build.0 = Debug|Any CPU
		{DD934BB6-3ABE-4EB7-B329-51C6E4B4C6E5}.Release|Any CPU.ActiveCfg = Release|Any CPU
		{DD934BB6-3ABE-4EB7-B329-51C6E4B4C6E5}.Release|Any CPU.Build.0 = Release|Any CPU
	EndGlobalSection
EndGlobal
